
Microsoft Visual Studio Solution File, Format Version 12.00
# Visual Studio Version 17
VisualStudioVersion = 17.11.35312.102
MinimumVisualStudioVersion = 10.0.40219.1
Project("{FAE04EC0-301F-11D3-BF4B-00C04F79EFBC}") = "lv1_ruap", "lv1_ruap\lv1_ruap.csproj", "{A8BF1FB8-2369-4CB5-B803-4D975515791D}"
EndProject
Global
	GlobalSection(SolutionConfigurationPlatforms) = preSolution
		Debug|Any CPU = Debug|Any CPU
		Release|Any CPU = Release|Any CPU
	EndGlobalSection
	GlobalSection(ProjectConfigurationPlatforms) = postSolution
		{A8BF1FB8-2369-4CB5-B803-4D975515791D}.Debug|Any CPU.ActiveCfg = Debug|Any CPU
		{A8BF1FB8-2369-4CB5-B803-4D975515791D}.Debug|Any CPU.Build.0 = Debug|Any CPU
		{A8BF1FB8-2369-4CB5-B803-4D975515791D}.Release|Any CPU.ActiveCfg = Release|Any CPU
		{A8BF1FB8-2369-4CB5-B803-4D975515791D}.Release|Any CPU.Build.0 = Release|Any CPU
	EndGlobalSection
	GlobalSection(SolutionProperties) = preSolution
		HideSolutionNode = FALSE
	EndGlobalSection
	GlobalSection(ExtensibilityGlobals) = postSolution
		SolutionGuid = {D9FEA3CC-4B3C-4176-80E1-F1DA87E86173}
	EndGlobalSection
EndGlobal
